
Microsoft Visual Studio Solution File, Format Version 12.00
# Visual Studio Version 16
VisualStudioVersion = 25.0.1706.4
MinimumVisualStudioVersion = 10.0.40219.1
Project("{FAE04EC0-301F-11D3-BF4B-00C04F79EFBC}") = "AplikacjaRuch", "AplikacjaRuch.csproj", "{05D45E79-8938-4E6D-94D6-AEAE2BB615EE}"
EndProject
Global
	GlobalSection(SolutionConfigurationPlatforms) = preSolution
		Debug|Any CPU = Debug|Any CPU
		Release|Any CPU = Release|Any CPU
	EndGlobalSection
	GlobalSection(ProjectConfigurationPlatforms) = postSolution
		{05D45E79-8938-4E6D-94D6-AEAE2BB615EE}.Debug|Any CPU.ActiveCfg = Debug|Any CPU
		{05D45E79-8938-4E6D-94D6-AEAE2BB615EE}.Debug|Any CPU.Build.0 = Debug|Any CPU
		{05D45E79-8938-4E6D-94D6-AEAE2BB615EE}.Release|Any CPU.ActiveCfg = Release|Any CPU
		{05D45E79-8938-4E6D-94D6-AEAE2BB615EE}.Release|Any CPU.Build.0 = Release|Any CPU
	EndGlobalSection
	GlobalSection(SolutionProperties) = preSolution
		HideSolutionNode = FALSE
	EndGlobalSection
	GlobalSection(ExtensibilityGlobals) = postSolution
		SolutionGuid = {835007E6-853F-48C1-9716-2FC71E6C5AA9}
	EndGlobalSection
EndGlobal
